
Microsoft Visual Studio Solution File, Format Version 12.00
# Visual Studio Version 16
VisualStudioVersion = 16.0.29728.190
MinimumVisualStudioVersion = 10.0.40219.1
Project("{8BC9CEB8-8B4A-11D0-8D11-00A0C91BC942}") = "DuplicateEncoder", "DuplicateEncoder\DuplicateEncoder.vcxproj", "{083443ED-6240-422C-9E1A-25C0BDBFE6E9}"
EndProject
Project("{8BC9CEB8-8B4A-11D0-8D11-00A0C91BC942}") = "FindTheMissingLetter", "FindTheMissingLetter\FindTheMissingLetter.vcxproj", "{52844961-2179-49BB-B50C-14E5C38830D0}"
EndProject
Project("{FAE04EC0-301F-11D3-BF4B-00C04F79EFBC}") = "MovingZerosToTheEnd", "MovingZerosToTheEnd\MovingZerosToTheEnd.csproj", "{EB0FCE0B-2521-489C-AC81-9F5A559BA779}"
EndProject
Project("{9092AA53-FB77-4645-B42D-1CCCA6BD08BD}") = "MergeTwoArrays", "MergeTwoArrays\MergeTwoArrays.njsproj", "{1B8EBA8D-09FE-414E-A592-800CE437A555}"
EndProject
Project("{FAE04EC0-301F-11D3-BF4B-00C04F79EFBC}") = "AddingBigNumbers", "AddingBigNumbers\AddingBigNumbers.csproj", "{77CF2E2D-DAEA-4627-B3EC-228C065D2BE0}"
EndProject
Project("{8BC9CEB8-8B4A-11D0-8D11-00A0C91BC942}") = "ConvertStringToCamelCase", "ConvertStringToCamelCase\ConvertStringToCamelCase.vcxproj", "{EEAA4E48-5AA7-47A6-9F12-FFE5A117C167}"
EndProject
Project("{888888A0-9F3D-457C-B088-3A5042F75D52}") = "SumOfDigits(DigitalRoot)", "SumOfDigits(DigitalRoot)\SumOfDigits(DigitalRoot).pyproj", "{0AD94E5F-6EFE-4C32-B1F6-0860E03E3DCF}"
EndProject
Project("{8BC9CEB8-8B4A-11D0-8D11-00A0C91BC942}") = "BuildTower", "BuildTower\BuildTower.vcxproj", "{A3E025FE-9D5B-4415-BDB1-F04654D9FF1F}"
EndProject
Project("{FAE04EC0-301F-11D3-BF4B-00C04F79EFBC}") = "ArrayDeepCount", "ArrayDeepCount\ArrayDeepCount.csproj", "{3AB2A7C0-1FF9-44A9-8543-497D3B514A49}"
EndProject
Project("{8BC9CEB8-8B4A-11D0-8D11-00A0C91BC942}") = "Permutations", "Permutations\Permutations.vcxproj", "{AA51D61D-3911-44AD-8803-0355DB31BA68}"
EndProject
Project("{9092AA53-FB77-4645-B42D-1CCCA6BD08BD}") = "FlattenANestedMap", "FlattenANestedMap\FlattenANestedMap.njsproj", "{C096BB2F-0075-4D3A-87FD-93FB0553F7DB}"
EndProject
Project("{8BC9CEB8-8B4A-11D0-8D11-00A0C91BC942}") = "SumOfIntervals", "SumOfIntervals\SumOfIntervals.vcxproj", "{141A3CC7-D60A-482C-BD54-D77F7129C279}"
EndProject
Project("{888888A0-9F3D-457C-B088-3A5042F75D52}") = "SumOfPairs", "SumOfPairs\SumOfPairs.pyproj", "{97918E5F-ADED-4A06-B560-EA48F15ADDD5}"
EndProject
Project("{888888A0-9F3D-457C-B088-3A5042F75D52}") = "ValidParentheses", "ValidParentheses\ValidParentheses.pyproj", "{90C72F60-28F7-4367-9027-756FD073D563}"
EndProject
Project("{888888A0-9F3D-457C-B088-3A5042F75D52}") = "WhereMyAnagramsAt", "WhereMyAnagramsAt\WhereMyAnagramsAt.pyproj", "{CC360CC6-A2DE-4AD5-A3E4-75C0117ED506}"
EndProject
Project("{888888A0-9F3D-457C-B088-3A5042F75D52}") = "LinkedListsSortedInsert", "LinkedListsSortedInsert\LinkedListsSortedInsert.pyproj", "{952FDCD6-EBB2-4A4E-B69A-1BDA6B73EDF5}"
EndProject
Project("{8BC9CEB8-8B4A-11D0-8D11-00A0C91BC942}") = "ProductOfConsecutiveFibNumbers", "ProductOfConsecutiveFibNumbers\ProductOfConsecutiveFibNumbers.vcxproj", "{F3F69A03-EA58-4304-AC75-837DEC0D2991}"
EndProject
Project("{FAE04EC0-301F-11D3-BF4B-00C04F79EFBC}") = "TicTacToeChecker", "TicTacToeChecker\TicTacToeChecker.csproj", "{8B7623A0-2FAE-4216-AF5C-45802FBF8855}"
EndProject
Project("{888888A0-9F3D-457C-B088-3A5042F75D52}") = "SimplePigLatin", "SimplePigLatin\SimplePigLatin.pyproj", "{78E1F2BF-0D00-4005-BDD2-6BC881C8C585}"
EndProject
Project("{8BC9CEB8-8B4A-11D0-8D11-00A0C91BC942}") = "FunWithTrees(MaxSum)", "FunWithTrees(MaxSum)\FunWithTrees(MaxSum).vcxproj", "{4DAB083A-0665-4AD7-AE1F-2455E89478AC}"
EndProject
Project("{888888A0-9F3D-457C-B088-3A5042F75D52}") = "AnagramDifference", "AnagramDifference\AnagramDifference.pyproj", "{D2B9225F-D8C4-4630-A9B4-DDB6F5BF18C6}"
EndProject
Project("{8BC9CEB8-8B4A-11D0-8D11-00A0C91BC942}") = "Snail", "Snail\Snail.vcxproj", "{C6050CA6-A63E-4692-A9B9-0CC8DC2F8541}"
EndProject
Global
	GlobalSection(SolutionConfigurationPlatforms) = preSolution
		Debug|Any CPU = Debug|Any CPU
		Debug|x64 = Debug|x64
		Debug|x86 = Debug|x86
		Release|Any CPU = Release|Any CPU
		Release|x64 = Release|x64
		Release|x86 = Release|x86
	EndGlobalSection
	GlobalSection(ProjectConfigurationPlatforms) = postSolution
		{083443ED-6240-422C-9E1A-25C0BDBFE6E9}.Debug|Any CPU.ActiveCfg = Debug|Win32
		{083443ED-6240-422C-9E1A-25C0BDBFE6E9}.Debug|x64.ActiveCfg = Debug|x64
		{083443ED-6240-422C-9E1A-25C0BDBFE6E9}.Debug|x64.Build.0 = Debug|x64
		{083443ED-6240-422C-9E1A-25C0BDBFE6E9}.Debug|x86.ActiveCfg = Debug|Win32
		{083443ED-6240-422C-9E1A-25C0BDBFE6E9}.Debug|x86.Build.0 = Debug|Win32
		{083443ED-6240-422C-9E1A-25C0BDBFE6E9}.Release|Any CPU.ActiveCfg = Release|Win32
		{083443ED-6240-422C-9E1A-25C0BDBFE6E9}.Release|x64.ActiveCfg = Release|x64
		{083443ED-6240-422C-9E1A-25C0BDBFE6E9}.Release|x64.Build.0 = Release|x64
		{083443ED-6240-422C-9E1A-25C0BDBFE6E9}.Release|x86.ActiveCfg = Release|Win32
		{083443ED-6240-422C-9E1A-25C0BDBFE6E9}.Release|x86.Build.0 = Release|Win32
		{52844961-2179-49BB-B50C-14E5C38830D0}.Debug|Any CPU.ActiveCfg = Debug|Win32
		{52844961-2179-49BB-B50C-14E5C38830D0}.Debug|x64.ActiveCfg = Debug|x64
		{52844961-2179-49BB-B50C-14E5C38830D0}.Debug|x64.Build.0 = Debug|x64
		{52844961-2179-49BB-B50C-14E5C38830D0}.Debug|x86.ActiveCfg = Debug|Win32
		{52844961-2179-49BB-B50C-14E5C38830D0}.Debug|x86.Build.0 = Debug|Win32
		{52844961-2179-49BB-B50C-14E5C38830D0}.Release|Any CPU.ActiveCfg = Release|Win32
		{52844961-2179-49BB-B50C-14E5C38830D0}.Release|x64.ActiveCfg = Release|x64
		{52844961-2179-49BB-B50C-14E5C38830D0}.Release|x64.Build.0 = Release|x64
		{52844961-2179-49BB-B50C-14E5C38830D0}.Release|x86.ActiveCfg = Release|Win32
		{52844961-2179-49BB-B50C-14E5C38830D0}.Release|x86.Build.0 = Release|Win32
		{EB0FCE0B-2521-489C-AC81-9F5A559BA779}.Debug|Any CPU.ActiveCfg = Debug|Any CPU
		{EB0FCE0B-2521-489C-AC81-9F5A559BA779}.Debug|Any CPU.Build.0 = Debug|Any CPU
		{EB0FCE0B-2521-489C-AC81-9F5A559BA779}.Debug|x64.ActiveCfg = Debug|Any CPU
		{EB0FCE0B-2521-489C-AC81-9F5A559BA779}.Debug|x64.Build.0 = Debug|Any CPU
		{EB0FCE0B-2521-489C-AC81-9F5A559BA779}.Debug|x86.ActiveCfg = Debug|Any CPU
		{EB0FCE0B-2521-489C-AC81-9F5A559BA779}.Debug|x86.Build.0 = Debug|Any CPU
		{EB0FCE0B-2521-489C-AC81-9F5A559BA779}.Release|Any CPU.ActiveCfg = Release|Any CPU
		{EB0FCE0B-2521-489C-AC81-9F5A559BA779}.Release|Any CPU.Build.0 = Release|Any CPU
		{EB0FCE0B-2521-489C-AC81-9F5A559BA779}.Release|x64.ActiveCfg = Release|Any CPU
		{EB0FCE0B-2521-489C-AC81-9F5A559BA779}.Release|x64.Build.0 = Release|Any CPU
		{EB0FCE0B-2521-489C-AC81-9F5A559BA779}.Release|x86.ActiveCfg = Release|Any CPU
		{EB0FCE0B-2521-489C-AC81-9F5A559BA779}.Release|x86.Build.0 = Release|Any CPU
		{1B8EBA8D-09FE-414E-A592-800CE437A555}.Debug|Any CPU.ActiveCfg = Debug|Any CPU
		{1B8EBA8D-09FE-414E-A592-800CE437A555}.Debug|Any CPU.Build.0 = Debug|Any CPU
		{1B8EBA8D-09FE-414E-A592-800CE437A555}.Debug|x64.ActiveCfg = Debug|Any CPU
		{1B8EBA8D-09FE-414E-A592-800CE437A555}.Debug|x64.Build.0 = Debug|Any CPU
		{1B8EBA8D-09FE-414E-A592-800CE437A555}.Debug|x86.ActiveCfg = Debug|Any CPU
		{1B8EBA8D-09FE-414E-A592-800CE437A555}.Debug|x86.Build.0 = Debug|Any CPU
		{1B8EBA8D-09FE-414E-A592-800CE437A555}.Release|Any CPU.ActiveCfg = Release|Any CPU
		{1B8EBA8D-09FE-414E-A592-800CE437A555}.Release|Any CPU.Build.0 = Release|Any CPU
		{1B8EBA8D-09FE-414E-A592-800CE437A555}.Release|x64.ActiveCfg = Release|Any CPU
		{1B8EBA8D-09FE-414E-A592-800CE437A555}.Release|x64.Build.0 = Release|Any CPU
		{1B8EBA8D-09FE-414E-A592-800CE437A555}.Release|x86.ActiveCfg = Release|Any CPU
		{1B8EBA8D-09FE-414E-A592-800CE437A555}.Release|x86.Build.0 = Release|Any CPU
		{77CF2E2D-DAEA-4627-B3EC-228C065D2BE0}.Debug|Any CPU.ActiveCfg = Debug|Any CPU
		{77CF2E2D-DAEA-4627-B3EC-228C065D2BE0}.Debug|Any CPU.Build.0 = Debug|Any CPU
		{77CF2E2D-DAEA-4627-B3EC-228C065D2BE0}.Debug|x64.ActiveCfg = Debug|Any CPU
		{77CF2E2D-DAEA-4627-B3EC-228C065D2BE0}.Debug|x64.Build.0 = Debug|Any CPU
		{77CF2E2D-DAEA-4627-B3EC-228C065D2BE0}.Debug|x86.ActiveCfg = Debug|Any CPU
		{77CF2E2D-DAEA-4627-B3EC-228C065D2BE0}.Debug|x86.Build.0 = Debug|Any CPU
		{77CF2E2D-DAEA-4627-B3EC-228C065D2BE0}.Release|Any CPU.ActiveCfg = Release|Any CPU
		{77CF2E2D-DAEA-4627-B3EC-228C065D2BE0}.Release|Any CPU.Build.0 = Release|Any CPU
		{77CF2E2D-DAEA-4627-B3EC-228C065D2BE0}.Release|x64.ActiveCfg = Release|Any CPU
		{77CF2E2D-DAEA-4627-B3EC-228C065D2BE0}.Release|x64.Build.0 = Release|Any CPU
		{77CF2E2D-DAEA-4627-B3EC-228C065D2BE0}.Release|x86.ActiveCfg = Release|Any CPU
		{77CF2E2D-DAEA-4627-B3EC-228C065D2BE0}.Release|x86.Build.0 = Release|Any CPU
		{EEAA4E48-5AA7-47A6-9F12-FFE5A117C167}.Debug|Any CPU.ActiveCfg = Debug|Win32
		{EEAA4E48-5AA7-47A6-9F12-FFE5A117C167}.Debug|x64.ActiveCfg = Debug|x64
		{EEAA4E48-5AA7-47A6-9F12-FFE5A117C167}.Debug|x64.Build.0 = Debug|x64
		{EEAA4E48-5AA7-47A6-9F12-FFE5A117C167}.Debug|x86.ActiveCfg = Debug|Win32
		{EEAA4E48-5AA7-47A6-9F12-FFE5A117C167}.Debug|x86.Build.0 = Debug|Win32
		{EEAA4E48-5AA7-47A6-9F12-FFE5A117C167}.Release|Any CPU.ActiveCfg = Release|Win32
		{EEAA4E48-5AA7-47A6-9F12-FFE5A117C167}.Release|x64.ActiveCfg = Release|x64
		{EEAA4E48-5AA7-47A6-9F12-FFE5A117C167}.Release|x64.Build.0 = Release|x64
		{EEAA4E48-5AA7-47A6-9F12-FFE5A117C167}.Release|x86.ActiveCfg = Release|Win32
		{EEAA4E48-5AA7-47A6-9F12-FFE5A117C167}.Release|x86.Build.0 = Release|Win32
		{0AD94E5F-6EFE-4C32-B1F6-0860E03E3DCF}.Debug|Any CPU.ActiveCfg = Debug|Any CPU
		{0AD94E5F-6EFE-4C32-B1F6-0860E03E3DCF}.Debug|x64.ActiveCfg = Debug|Any CPU
		{0AD94E5F-6EFE-4C32-B1F6-0860E03E3DCF}.Debug|x86.ActiveCfg = Debug|Any CPU
		{0AD94E5F-6EFE-4C32-B1F6-0860E03E3DCF}.Release|Any CPU.ActiveCfg = Release|Any CPU
		{0AD94E5F-6EFE-4C32-B1F6-0860E03E3DCF}.Release|x64.ActiveCfg = Release|Any CPU
		{0AD94E5F-6EFE-4C32-B1F6-0860E03E3DCF}.Release|x86.ActiveCfg = Release|Any CPU
		{A3E025FE-9D5B-4415-BDB1-F04654D9FF1F}.Debug|Any CPU.ActiveCfg = Debug|Win32
		{A3E025FE-9D5B-4415-BDB1-F04654D9FF1F}.Debug|x64.ActiveCfg = Debug|x64
		{A3E025FE-9D5B-4415-BDB1-F04654D9FF1F}.Debug|x64.Build.0 = Debug|x64
		{A3E025FE-9D5B-4415-BDB1-F04654D9FF1F}.Debug|x86.ActiveCfg = Debug|Win32
		{A3E025FE-9D5B-4415-BDB1-F04654D9FF1F}.Debug|x86.Build.0 = Debug|Win32
		{A3E025FE-9D5B-4415-BDB1-F04654D9FF1F}.Release|Any CPU.ActiveCfg = Release|Win32
		{A3E025FE-9D5B-4415-BDB1-F04654D9FF1F}.Release|x64.ActiveCfg = Release|x64
		{A3E025FE-9D5B-4415-BDB1-F04654D9FF1F}.Release|x64.Build.0 = Release|x64
		{A3E025FE-9D5B-4415-BDB1-F04654D9FF1F}.Release|x86.ActiveCfg = Release|Win32
		{A3E025FE-9D5B-4415-BDB1-F04654D9FF1F}.Release|x86.Build.0 = Release|Win32
		{3AB2A7C0-1FF9-44A9-8543-497D3B514A49}.Debug|Any CPU.ActiveCfg = Debug|Any CPU
		{3AB2A7C0-1FF9-44A9-8543-497D3B514A49}.Debug|Any CPU.Build.0 = Debug|Any CPU
		{3AB2A7C0-1FF9-44A9-8543-497D3B514A49}.Debug|x64.ActiveCfg = Debug|Any CPU
		{3AB2A7C0-1FF9-44A9-8543-497D3B514A49}.Debug|x64.Build.0 = Debug|Any CPU
		{3AB2A7C0-1FF9-44A9-8543-497D3B514A49}.Debug|x86.ActiveCfg = Debug|Any CPU
		{3AB2A7C0-1FF9-44A9-8543-497D3B514A49}.Debug|x86.Build.0 = Debug|Any CPU
		{3AB2A7C0-1FF9-44A9-8543-497D3B514A49}.Release|Any CPU.ActiveCfg = Release|Any CPU
		{3AB2A7C0-1FF9-44A9-8543-497D3B514A49}.Release|Any CPU.Build.0 = Release|Any CPU
		{3AB2A7C0-1FF9-44A9-8543-497D3B514A49}.Release|x64.ActiveCfg = Release|Any CPU
		{3AB2A7C0-1FF9-44A9-8543-497D3B514A49}.Release|x64.Build.0 = Release|Any CPU
		{3AB2A7C0-1FF9-44A9-8543-497D3B514A49}.Release|x86.ActiveCfg = Release|Any CPU
		{3AB2A7C0-1FF9-44A9-8543-497D3B514A49}.Release|x86.Build.0 = Release|Any CPU
		{AA51D61D-3911-44AD-8803-0355DB31BA68}.Debug|Any CPU.ActiveCfg = Debug|Win32
		{AA51D61D-3911-44AD-8803-0355DB31BA68}.Debug|x64.ActiveCfg = Debug|x64
		{AA51D61D-3911-44AD-8803-0355DB31BA68}.Debug|x64.Build.0 = Debug|x64
		{AA51D61D-3911-44AD-8803-0355DB31BA68}.Debug|x86.ActiveCfg = Debug|Win32
		{AA51D61D-3911-44AD-8803-0355DB31BA68}.Debug|x86.Build.0 = Debug|Win32
		{AA51D61D-3911-44AD-8803-0355DB31BA68}.Release|Any CPU.ActiveCfg = Release|Win32
		{AA51D61D-3911-44AD-8803-0355DB31BA68}.Release|x64.ActiveCfg = Release|x64
		{AA51D61D-3911-44AD-8803-0355DB31BA68}.Release|x64.Build.0 = Release|x64
		{AA51D61D-3911-44AD-8803-0355DB31BA68}.Release|x86.ActiveCfg = Release|Win32
		{AA51D61D-3911-44AD-8803-0355DB31BA68}.Release|x86.Build.0 = Release|Win32
		{C096BB2F-0075-4D3A-87FD-93FB0553F7DB}.Debug|Any CPU.ActiveCfg = Debug|Any CPU
		{C096BB2F-0075-4D3A-87FD-93FB0553F7DB}.Debug|Any CPU.Build.0 = Debug|Any CPU
		{C096BB2F-0075-4D3A-87FD-93FB0553F7DB}.Debug|x64.ActiveCfg = Debug|Any CPU
		{C096BB2F-0075-4D3A-87FD-93FB0553F7DB}.Debug|x64.Build.0 = Debug|Any CPU
		{C096BB2F-0075-4D3A-87FD-93FB0553F7DB}.Debug|x86.ActiveCfg = Debug|Any CPU
		{C096BB2F-0075-4D3A-87FD-93FB0553F7DB}.Debug|x86.Build.0 = Debug|Any CPU
		{C096BB2F-0075-4D3A-87FD-93FB0553F7DB}.Release|Any CPU.ActiveCfg = Release|Any CPU
		{C096BB2F-0075-4D3A-87FD-93FB0553F7DB}.Release|Any CPU.Build.0 = Release|Any CPU
		{C096BB2F-0075-4D3A-87FD-93FB0553F7DB}.Release|x64.ActiveCfg = Release|Any CPU
		{C096BB2F-0075-4D3A-87FD-93FB0553F7DB}.Release|x64.Build.0 = Release|Any CPU
		{C096BB2F-0075-4D3A-87FD-93FB0553F7DB}.Release|x86.ActiveCfg = Release|Any CPU
		{C096BB2F-0075-4D3A-87FD-93FB0553F7DB}.Release|x86.Build.0 = Release|Any CPU
		{141A3CC7-D60A-482C-BD54-D77F7129C279}.Debug|Any CPU.ActiveCfg = Debug|Win32
		{141A3CC7-D60A-482C-BD54-D77F7129C279}.Debug|x64.ActiveCfg = Debug|x64
		{141A3CC7-D60A-482C-BD54-D77F7129C279}.Debug|x64.Build.0 = Debug|x64
		{141A3CC7-D60A-482C-BD54-D77F7129C279}.Debug|x86.ActiveCfg = Debug|Win32
		{141A3CC7-D60A-482C-BD54-D77F7129C279}.Debug|x86.Build.0 = Debug|Win32
		{141A3CC7-D60A-482C-BD54-D77F7129C279}.Release|Any CPU.ActiveCfg = Release|Win32
		{141A3CC7-D60A-482C-BD54-D77F7129C279}.Release|x64.ActiveCfg = Release|x64
		{141A3CC7-D60A-482C-BD54-D77F7129C279}.Release|x64.Build.0 = Release|x64
		{141A3CC7-D60A-482C-BD54-D77F7129C279}.Release|x86.ActiveCfg = Release|Win32
		{141A3CC7-D60A-482C-BD54-D77F7129C279}.Release|x86.Build.0 = Release|Win32
		{97918E5F-ADED-4A06-B560-EA48F15ADDD5}.Debug|Any CPU.ActiveCfg = Debug|Any CPU
		{97918E5F-ADED-4A06-B560-EA48F15ADDD5}.Debug|x64.ActiveCfg = Debug|Any CPU
		{97918E5F-ADED-4A06-B560-EA48F15ADDD5}.Debug|x86.ActiveCfg = Debug|Any CPU
		{97918E5F-ADED-4A06-B560-EA48F15ADDD5}.Release|Any CPU.ActiveCfg = Release|Any CPU
		{97918E5F-ADED-4A06-B560-EA48F15ADDD5}.Release|x64.ActiveCfg = Release|Any CPU
		{97918E5F-ADED-4A06-B560-EA48F15ADDD5}.Release|x86.ActiveCfg = Release|Any CPU
		{90C72F60-28F7-4367-9027-756FD073D563}.Debug|Any CPU.ActiveCfg = Debug|Any CPU
		{90C72F60-28F7-4367-9027-756FD073D563}.Debug|x64.ActiveCfg = Debug|Any CPU
		{90C72F60-28F7-4367-9027-756FD073D563}.Debug|x86.ActiveCfg = Debug|Any CPU
		{90C72F60-28F7-4367-9027-756FD073D563}.Release|Any CPU.ActiveCfg = Release|Any CPU
		{90C72F60-28F7-4367-9027-756FD073D563}.Release|x64.ActiveCfg = Release|Any CPU
		{90C72F60-28F7-4367-9027-756FD073D563}.Release|x86.ActiveCfg = Release|Any CPU
		{CC360CC6-A2DE-4AD5-A3E4-75C0117ED506}.Debug|Any CPU.ActiveCfg = Debug|Any CPU
		{CC360CC6-A2DE-4AD5-A3E4-75C0117ED506}.Debug|x64.ActiveCfg = Debug|Any CPU
		{CC360CC6-A2DE-4AD5-A3E4-75C0117ED506}.Debug|x86.ActiveCfg = Debug|Any CPU
		{CC360CC6-A2DE-4AD5-A3E4-75C0117ED506}.Release|Any CPU.ActiveCfg = Release|Any CPU
		{CC360CC6-A2DE-4AD5-A3E4-75C0117ED506}.Release|x64.ActiveCfg = Release|Any CPU
		{CC360CC6-A2DE-4AD5-A3E4-75C0117ED506}.Release|x86.ActiveCfg = Release|Any CPU
		{952FDCD6-EBB2-4A4E-B69A-1BDA6B73EDF5}.Debug|Any CPU.ActiveCfg = Debug|Any CPU
		{952FDCD6-EBB2-4A4E-B69A-1BDA6B73EDF5}.Debug|x64.ActiveCfg = Debug|Any CPU
		{952FDCD6-EBB2-4A4E-B69A-1BDA6B73EDF5}.Debug|x86.ActiveCfg = Debug|Any CPU
		{952FDCD6-EBB2-4A4E-B69A-1BDA6B73EDF5}.Release|Any CPU.ActiveCfg = Release|Any CPU
		{952FDCD6-EBB2-4A4E-B69A-1BDA6B73EDF5}.Release|x64.ActiveCfg = Release|Any CPU
		{952FDCD6-EBB2-4A4E-B69A-1BDA6B73EDF5}.Release|x86.ActiveCfg = Release|Any CPU
		{F3F69A03-EA58-4304-AC75-837DEC0D2991}.Debug|Any CPU.ActiveCfg = Debug|Win32
		{F3F69A03-EA58-4304-AC75-837DEC0D2991}.Debug|x64.ActiveCfg = Debug|x64
		{F3F69A03-EA58-4304-AC75-837DEC0D2991}.Debug|x64.Build.0 = Debug|x64
		{F3F69A03-EA58-4304-AC75-837DEC0D2991}.Debug|x86.ActiveCfg = Debug|Win32
		{F3F69A03-EA58-4304-AC75-837DEC0D2991}.Debug|x86.Build.0 = Debug|Win32
		{F3F69A03-EA58-4304-AC75-837DEC0D2991}.Release|Any CPU.ActiveCfg = Release|Win32
		{F3F69A03-EA58-4304-AC75-837DEC0D2991}.Release|x64.ActiveCfg = Release|x64
		{F3F69A03-EA58-4304-AC75-837DEC0D2991}.Release|x64.Build.0 = Release|x64
		{F3F69A03-EA58-4304-AC75-837DEC0D2991}.Release|x86.ActiveCfg = Release|Win32
		{F3F69A03-EA58-4304-AC75-837DEC0D2991}.Release|x86.Build.0 = Release|Win32
		{8B7623A0-2FAE-4216-AF5C-45802FBF8855}.Debug|Any CPU.ActiveCfg = Debug|Any CPU
		{8B7623A0-2FAE-4216-AF5C-45802FBF8855}.Debug|Any CPU.Build.0 = Debug|Any CPU
		{8B7623A0-2FAE-4216-AF5C-45802FBF8855}.Debug|x64.ActiveCfg = Debug|Any CPU
		{8B7623A0-2FAE-4216-AF5C-45802FBF8855}.Debug|x64.Build.0 = Debug|Any CPU
		{8B7623A0-2FAE-4216-AF5C-45802FBF8855}.Debug|x86.ActiveCfg = Debug|Any CPU
		{8B7623A0-2FAE-4216-AF5C-45802FBF8855}.Debug|x86.Build.0 = Debug|Any CPU
		{8B7623A0-2FAE-4216-AF5C-45802FBF8855}.Release|Any CPU.ActiveCfg = Release|Any CPU
		{8B7623A0-2FAE-4216-AF5C-45802FBF8855}.Release|Any CPU.Build.0 = Release|Any CPU
		{8B7623A0-2FAE-4216-AF5C-45802FBF8855}.Release|x64.ActiveCfg = Release|Any CPU
		{8B7623A0-2FAE-4216-AF5C-45802FBF8855}.Release|x64.Build.0 = Release|Any CPU
		{8B7623A0-2FAE-4216-AF5C-45802FBF8855}.Release|x86.ActiveCfg = Release|Any CPU
		{8B7623A0-2FAE-4216-AF5C-45802FBF8855}.Release|x86.Build.0 = Release|Any CPU
		{78E1F2BF-0D00-4005-BDD2-6BC881C8C585}.Debug|Any CPU.ActiveCfg = Debug|Any CPU
		{78E1F2BF-0D00-4005-BDD2-6BC881C8C585}.Debug|x64.ActiveCfg = Debug|Any CPU
		{78E1F2BF-0D00-4005-BDD2-6BC881C8C585}.Debug|x86.ActiveCfg = Debug|Any CPU
		{78E1F2BF-0D00-4005-BDD2-6BC881C8C585}.Release|Any CPU.ActiveCfg = Release|Any CPU
		{78E1F2BF-0D00-4005-BDD2-6BC881C8C585}.Release|x64.ActiveCfg = Release|Any CPU
		{78E1F2BF-0D00-4005-BDD2-6BC881C8C585}.Release|x86.ActiveCfg = Release|Any CPU
		{4DAB083A-0665-4AD7-AE1F-2455E89478AC}.Debug|Any CPU.ActiveCfg = Debug|Win32
		{4DAB083A-0665-4AD7-AE1F-2455E89478AC}.Debug|x64.ActiveCfg = Debug|x64
		{4DAB083A-0665-4AD7-AE1F-2455E89478AC}.Debug|x64.Build.0 = Debug|x64
		{4DAB083A-0665-4AD7-AE1F-2455E89478AC}.Debug|x86.ActiveCfg = Debug|Win32
		{4DAB083A-0665-4AD7-AE1F-2455E89478AC}.Debug|x86.Build.0 = Debug|Win32
		{4DAB083A-0665-4AD7-AE1F-2455E89478AC}.Release|Any CPU.ActiveCfg = Release|Win32
		{4DAB083A-0665-4AD7-AE1F-2455E89478AC}.Release|x64.ActiveCfg = Release|x64
		{4DAB083A-0665-4AD7-AE1F-2455E89478AC}.Release|x64.Build.0 = Release|x64
		{4DAB083A-0665-4AD7-AE1F-2455E89478AC}.Release|x86.ActiveCfg = Release|Win32
		{4DAB083A-0665-4AD7-AE1F-2455E89478AC}.Release|x86.Build.0 = Release|Win32
		{D2B9225F-D8C4-4630-A9B4-DDB6F5BF18C6}.Debug|Any CPU.ActiveCfg = Debug|Any CPU
		{D2B9225F-D8C4-4630-A9B4-DDB6F5BF18C6}.Debug|x64.ActiveCfg = Debug|Any CPU
		{D2B9225F-D8C4-4630-A9B4-DDB6F5BF18C6}.Debug|x86.ActiveCfg = Debug|Any CPU
		{D2B9225F-D8C4-4630-A9B4-DDB6F5BF18C6}.Release|Any CPU.ActiveCfg = Release|Any CPU
		{D2B9225F-D8C4-4630-A9B4-DDB6F5BF18C6}.Release|x64.ActiveCfg = Release|Any CPU
		{D2B9225F-D8C4-4630-A9B4-DDB6F5BF18C6}.Release|x86.ActiveCfg = Release|Any CPU
		{C6050CA6-A63E-4692-A9B9-0CC8DC2F8541}.Debug|Any CPU.ActiveCfg = Debug|Win32
		{C6050CA6-A63E-4692-A9B9-0CC8DC2F8541}.Debug|x64.ActiveCfg = Debug|x64
		{C6050CA6-A63E-4692-A9B9-0CC8DC2F8541}.Debug|x64.Build.0 = Debug|x64
		{C6050CA6-A63E-4692-A9B9-0CC8DC2F8541}.Debug|x86.ActiveCfg = Debug|Win32
		{C6050CA6-A63E-4692-A9B9-0CC8DC2F8541}.Debug|x86.Build.0 = Debug|Win32
		{C6050CA6-A63E-4692-A9B9-0CC8DC2F8541}.Release|Any CPU.ActiveCfg = Release|Win32
		{C6050CA6-A63E-4692-A9B9-0CC8DC2F8541}.Release|x64.ActiveCfg = Release|x64
		{C6050CA6-A63E-4692-A9B9-0CC8DC2F8541}.Release|x64.Build.0 = Release|x64
		{C6050CA6-A63E-4692-A9B9-0CC8DC2F8541}.Release|x86.ActiveCfg = Release|Win32
		{C6050CA6-A63E-4692-A9B9-0CC8DC2F8541}.Release|x86.Build.0 = Release|Win32
	EndGlobalSection
	GlobalSection(SolutionProperties) = preSolution
		HideSolutionNode = FALSE
	EndGlobalSection
	GlobalSection(ExtensibilityGlobals) = postSolution
		SolutionGuid = {0AD35C59-B567-4086-B7CB-FDBF6CE18B36}
	EndGlobalSection
EndGlobal
